
Microsoft Visual Studio Solution File, Format Version 10.00
# Visual Studio 2008
Project("{FAE04EC0-301F-11D3-BF4B-00C04F79EFBC}") = "Boggle_boggles_back", "Boggle_boggles_back.csproj", "{CEFCD1E2-41B1-48AD-8D79-C76B22ACA6DC}"
EndProject
Global
	GlobalSection(SolutionConfigurationPlatforms) = preSolution
		Debug|Any CPU = Debug|Any CPU
		Release|Any CPU = Release|Any CPU
	EndGlobalSection
	GlobalSection(ProjectConfigurationPlatforms) = postSolution
		{CEFCD1E2-41B1-48AD-8D79-C76B22ACA6DC}.Debug|Any CPU.ActiveCfg = Debug|Any CPU
		{CEFCD1E2-41B1-48AD-8D79-C76B22ACA6DC}.Debug|Any CPU.Build.0 = Debug|Any CPU
		{CEFCD1E2-41B1-48AD-8D79-C76B22ACA6DC}.Release|Any CPU.ActiveCfg = Release|Any CPU
		{CEFCD1E2-41B1-48AD-8D79-C76B22ACA6DC}.Release|Any CPU.Build.0 = Release|Any CPU
	EndGlobalSection
	GlobalSection(SolutionProperties) = preSolution
		HideSolutionNode = FALSE
	EndGlobalSection
EndGlobal
